
Microsoft Visual Studio Solution File, Format Version 12.00
# Visual Studio Version 17
VisualStudioVersion = 17.0.31903.59
MinimumVisualStudioVersion = 10.0.40219.1
Project("{2150E333-8FDC-42A3-9474-1A3956D46DE8}") = "src", "src", "{827E0CD3-B72D-47B6-A68D-7590B98EB39B}"
EndProject
Project("{FAE04EC0-301F-11D3-BF4B-00C04F79EFBC}") = "Aqua.Contracts", "src\Aqua.Contracts\Aqua.Contracts.csproj", "{B1975F04-984A-4D17-96D5-6C10CD64085B}"
EndProject
Project("{2150E333-8FDC-42A3-9474-1A3956D46DE8}") = "tests", "tests", "{0AB3BF05-4346-4AA6-1389-037BE0695223}"
EndProject
Project("{FAE04EC0-301F-11D3-BF4B-00C04F79EFBC}") = "Aqua.Contracts.Tests", "tests\Aqua.Contracts.Tests\Aqua.Contracts.Tests.csproj", "{B334DBC0-69DF-463C-AA0D-8549DA8F01F4}"
EndProject
Project("{FAE04EC0-301F-11D3-BF4B-00C04F79EFBC}") = "Aqua.Data", "src\Aqua.Data\Aqua.Data.csproj", "{0102F3A4-D8C5-4BD8-8A7B-ADB9316F0BE5}"
EndProject
Project("{FAE04EC0-301F-11D3-BF4B-00C04F79EFBC}") = "Aqua.Data.Tests", "tests\Aqua.Data.Tests\Aqua.Data.Tests.csproj", "{68372F6E-0CE6-4018-B303-A38B6E05AC70}"
EndProject
Project("{FAE04EC0-301F-11D3-BF4B-00C04F79EFBC}") = "Aqua.IdentityService", "src\Aqua.IdentityService\Aqua.IdentityService.csproj", "{405DA81B-BACF-47BF-A11F-6BDDB7669C3E}"
EndProject
Project("{FAE04EC0-301F-11D3-BF4B-00C04F79EFBC}") = "Aqua.IdentityService.Tests", "tests\Aqua.IdentityService.Tests\Aqua.IdentityService.Tests.csproj", "{8D41524D-B402-4F4D-8B1D-3E2F0DCC79A2}"
EndProject
Project("{FAE04EC0-301F-11D3-BF4B-00C04F79EFBC}") = "Aqua.ApiGateway", "src\Aqua.ApiGateway\Aqua.ApiGateway.csproj", "{60EF5135-9025-435B-8EF4-C1DFDD40A45C}"
EndProject
Project("{FAE04EC0-301F-11D3-BF4B-00C04F79EFBC}") = "Aqua.ApiGateway.Tests", "tests\Aqua.ApiGateway.Tests\Aqua.ApiGateway.Tests.csproj", "{F7663E68-9F22-43BB-96C5-4FCC85ADDA89}"
EndProject
Project("{FAE04EC0-301F-11D3-BF4B-00C04F79EFBC}") = "Aqua.UserService", "src\Aqua.UserService\Aqua.UserService.csproj", "{0DAE05C0-D7CA-456A-9D53-666F2636AE26}"
EndProject
Project("{FAE04EC0-301F-11D3-BF4B-00C04F79EFBC}") = "Aqua.UserService.Tests", "tests\Aqua.UserService.Tests\Aqua.UserService.Tests.csproj", "{10850B34-7171-471C-BF72-8653D1820F5E}"
EndProject
Global
	GlobalSection(SolutionConfigurationPlatforms) = preSolution
		Debug|Any CPU = Debug|Any CPU
		Debug|x64 = Debug|x64
		Debug|x86 = Debug|x86
		Release|Any CPU = Release|Any CPU
		Release|x64 = Release|x64
		Release|x86 = Release|x86
	EndGlobalSection
	GlobalSection(ProjectConfigurationPlatforms) = postSolution
		{B1975F04-984A-4D17-96D5-6C10CD64085B}.Debug|Any CPU.ActiveCfg = Debug|Any CPU
		{B1975F04-984A-4D17-96D5-6C10CD64085B}.Debug|Any CPU.Build.0 = Debug|Any CPU
		{B1975F04-984A-4D17-96D5-6C10CD64085B}.Debug|x64.ActiveCfg = Debug|Any CPU
		{B1975F04-984A-4D17-96D5-6C10CD64085B}.Debug|x64.Build.0 = Debug|Any CPU
		{B1975F04-984A-4D17-96D5-6C10CD64085B}.Debug|x86.ActiveCfg = Debug|Any CPU
		{B1975F04-984A-4D17-96D5-6C10CD64085B}.Debug|x86.Build.0 = Debug|Any CPU
		{B1975F04-984A-4D17-96D5-6C10CD64085B}.Release|Any CPU.ActiveCfg = Release|Any CPU
		{B1975F04-984A-4D17-96D5-6C10CD64085B}.Release|Any CPU.Build.0 = Release|Any CPU
		{B1975F04-984A-4D17-96D5-6C10CD64085B}.Release|x64.ActiveCfg = Release|Any CPU
		{B1975F04-984A-4D17-96D5-6C10CD64085B}.Release|x64.Build.0 = Release|Any CPU
		{B1975F04-984A-4D17-96D5-6C10CD64085B}.Release|x86.ActiveCfg = Release|Any CPU
		{B1975F04-984A-4D17-96D5-6C10CD64085B}.Release|x86.Build.0 = Release|Any CPU
		{B334DBC0-69DF-463C-AA0D-8549DA8F01F4}.Debug|Any CPU.ActiveCfg = Debug|Any CPU
		{B334DBC0-69DF-463C-AA0D-8549DA8F01F4}.Debug|Any CPU.Build.0 = Debug|Any CPU
		{B334DBC0-69DF-463C-AA0D-8549DA8F01F4}.Debug|x64.ActiveCfg = Debug|Any CPU
		{B334DBC0-69DF-463C-AA0D-8549DA8F01F4}.Debug|x64.Build.0 = Debug|Any CPU
		{B334DBC0-69DF-463C-AA0D-8549DA8F01F4}.Debug|x86.ActiveCfg = Debug|Any CPU
		{B334DBC0-69DF-463C-AA0D-8549DA8F01F4}.Debug|x86.Build.0 = Debug|Any CPU
		{B334DBC0-69DF-463C-AA0D-8549DA8F01F4}.Release|Any CPU.ActiveCfg = Release|Any CPU
		{B334DBC0-69DF-463C-AA0D-8549DA8F01F4}.Release|Any CPU.Build.0 = Release|Any CPU
		{B334DBC0-69DF-463C-AA0D-8549DA8F01F4}.Release|x64.ActiveCfg = Release|Any CPU
		{B334DBC0-69DF-463C-AA0D-8549DA8F01F4}.Release|x64.Build.0 = Release|Any CPU
		{B334DBC0-69DF-463C-AA0D-8549DA8F01F4}.Release|x86.ActiveCfg = Release|Any CPU
		{B334DBC0-69DF-463C-AA0D-8549DA8F01F4}.Release|x86.Build.0 = Release|Any CPU
		{0102F3A4-D8C5-4BD8-8A7B-ADB9316F0BE5}.Debug|Any CPU.ActiveCfg = Debug|Any CPU
		{0102F3A4-D8C5-4BD8-8A7B-ADB9316F0BE5}.Debug|Any CPU.Build.0 = Debug|Any CPU
		{0102F3A4-D8C5-4BD8-8A7B-ADB9316F0BE5}.Debug|x64.ActiveCfg = Debug|Any CPU
		{0102F3A4-D8C5-4BD8-8A7B-ADB9316F0BE5}.Debug|x64.Build.0 = Debug|Any CPU
		{0102F3A4-D8C5-4BD8-8A7B-ADB9316F0BE5}.Debug|x86.ActiveCfg = Debug|Any CPU
		{0102F3A4-D8C5-4BD8-8A7B-ADB9316F0BE5}.Debug|x86.Build.0 = Debug|Any CPU
		{0102F3A4-D8C5-4BD8-8A7B-ADB9316F0BE5}.Release|Any CPU.ActiveCfg = Release|Any CPU
		{0102F3A4-D8C5-4BD8-8A7B-ADB9316F0BE5}.Release|Any CPU.Build.0 = Release|Any CPU
		{0102F3A4-D8C5-4BD8-8A7B-ADB9316F0BE5}.Release|x64.ActiveCfg = Release|Any CPU
		{0102F3A4-D8C5-4BD8-8A7B-ADB9316F0BE5}.Release|x64.Build.0 = Release|Any CPU
		{0102F3A4-D8C5-4BD8-8A7B-ADB9316F0BE5}.Release|x86.ActiveCfg = Release|Any CPU
		{0102F3A4-D8C5-4BD8-8A7B-ADB9316F0BE5}.Release|x86.Build.0 = Release|Any CPU
		{68372F6E-0CE6-4018-B303-A38B6E05AC70}.Debug|Any CPU.ActiveCfg = Debug|Any CPU
		{68372F6E-0CE6-4018-B303-A38B6E05AC70}.Debug|Any CPU.Build.0 = Debug|Any CPU
		{68372F6E-0CE6-4018-B303-A38B6E05AC70}.Debug|x64.ActiveCfg = Debug|Any CPU
		{68372F6E-0CE6-4018-B303-A38B6E05AC70}.Debug|x64.Build.0 = Debug|Any CPU
		{68372F6E-0CE6-4018-B303-A38B6E05AC70}.Debug|x86.ActiveCfg = Debug|Any CPU
		{68372F6E-0CE6-4018-B303-A38B6E05AC70}.Debug|x86.Build.0 = Debug|Any CPU
		{68372F6E-0CE6-4018-B303-A38B6E05AC70}.Release|Any CPU.ActiveCfg = Release|Any CPU
		{68372F6E-0CE6-4018-B303-A38B6E05AC70}.Release|Any CPU.Build.0 = Release|Any CPU
		{68372F6E-0CE6-4018-B303-A38B6E05AC70}.Release|x64.ActiveCfg = Release|Any CPU
		{68372F6E-0CE6-4018-B303-A38B6E05AC70}.Release|x64.Build.0 = Release|Any CPU
		{68372F6E-0CE6-4018-B303-A38B6E05AC70}.Release|x86.ActiveCfg = Release|Any CPU
		{68372F6E-0CE6-4018-B303-A38B6E05AC70}.Release|x86.Build.0 = Release|Any CPU
		{405DA81B-BACF-47BF-A11F-6BDDB7669C3E}.Debug|Any CPU.ActiveCfg = Debug|Any CPU
		{405DA81B-BACF-47BF-A11F-6BDDB7669C3E}.Debug|Any CPU.Build.0 = Debug|Any CPU
		{405DA81B-BACF-47BF-A11F-6BDDB7669C3E}.Debug|x64.ActiveCfg = Debug|Any CPU
		{405DA81B-BACF-47BF-A11F-6BDDB7669C3E}.Debug|x64.Build.0 = Debug|Any CPU
		{405DA81B-BACF-47BF-A11F-6BDDB7669C3E}.Debug|x86.ActiveCfg = Debug|Any CPU
		{405DA81B-BACF-47BF-A11F-6BDDB7669C3E}.Debug|x86.Build.0 = Debug|Any CPU
		{405DA81B-BACF-47BF-A11F-6BDDB7669C3E}.Release|Any CPU.ActiveCfg = Release|Any CPU
		{405DA81B-BACF-47BF-A11F-6BDDB7669C3E}.Release|Any CPU.Build.0 = Release|Any CPU
		{405DA81B-BACF-47BF-A11F-6BDDB7669C3E}.Release|x64.ActiveCfg = Release|Any CPU
		{405DA81B-BACF-47BF-A11F-6BDDB7669C3E}.Release|x64.Build.0 = Release|Any CPU
		{405DA81B-BACF-47BF-A11F-6BDDB7669C3E}.Release|x86.ActiveCfg = Release|Any CPU
		{405DA81B-BACF-47BF-A11F-6BDDB7669C3E}.Release|x86.Build.0 = Release|Any CPU
		{8D41524D-B402-4F4D-8B1D-3E2F0DCC79A2}.Debug|Any CPU.ActiveCfg = Debug|Any CPU
		{8D41524D-B402-4F4D-8B1D-3E2F0DCC79A2}.Debug|Any CPU.Build.0 = Debug|Any CPU
		{8D41524D-B402-4F4D-8B1D-3E2F0DCC79A2}.Debug|x64.ActiveCfg = Debug|Any CPU
		{8D41524D-B402-4F4D-8B1D-3E2F0DCC79A2}.Debug|x64.Build.0 = Debug|Any CPU
		{8D41524D-B402-4F4D-8B1D-3E2F0DCC79A2}.Debug|x86.ActiveCfg = Debug|Any CPU
		{8D41524D-B402-4F4D-8B1D-3E2F0DCC79A2}.Debug|x86.Build.0 = Debug|Any CPU
		{8D41524D-B402-4F4D-8B1D-3E2F0DCC79A2}.Release|Any CPU.ActiveCfg = Release|Any CPU
		{8D41524D-B402-4F4D-8B1D-3E2F0DCC79A2}.Release|Any CPU.Build.0 = Release|Any CPU
		{8D41524D-B402-4F4D-8B1D-3E2F0DCC79A2}.Release|x64.ActiveCfg = Release|Any CPU
		{8D41524D-B402-4F4D-8B1D-3E2F0DCC79A2}.Release|x64.Build.0 = Release|Any CPU
		{8D41524D-B402-4F4D-8B1D-3E2F0DCC79A2}.Release|x86.ActiveCfg = Release|Any CPU
		{8D41524D-B402-4F4D-8B1D-3E2F0DCC79A2}.Release|x86.Build.0 = Release|Any CPU
		{60EF5135-9025-435B-8EF4-C1DFDD40A45C}.Debug|Any CPU.ActiveCfg = Debug|Any CPU
		{60EF5135-9025-435B-8EF4-C1DFDD40A45C}.Debug|Any CPU.Build.0 = Debug|Any CPU
		{60EF5135-9025-435B-8EF4-C1DFDD40A45C}.Debug|x64.ActiveCfg = Debug|Any CPU
		{60EF5135-9025-435B-8EF4-C1DFDD40A45C}.Debug|x64.Build.0 = Debug|Any CPU
		{60EF5135-9025-435B-8EF4-C1DFDD40A45C}.Debug|x86.ActiveCfg = Debug|Any CPU
		{60EF5135-9025-435B-8EF4-C1DFDD40A45C}.Debug|x86.Build.0 = Debug|Any CPU
		{60EF5135-9025-435B-8EF4-C1DFDD40A45C}.Release|Any CPU.ActiveCfg = Release|Any CPU
		{60EF5135-9025-435B-8EF4-C1DFDD40A45C}.Release|Any CPU.Build.0 = Release|Any CPU
		{60EF5135-9025-435B-8EF4-C1DFDD40A45C}.Release|x64.ActiveCfg = Release|Any CPU
		{60EF5135-9025-435B-8EF4-C1DFDD40A45C}.Release|x64.Build.0 = Release|Any CPU
		{60EF5135-9025-435B-8EF4-C1DFDD40A45C}.Release|x86.ActiveCfg = Release|Any CPU
		{60EF5135-9025-435B-8EF4-C1DFDD40A45C}.Release|x86.Build.0 = Release|Any CPU
		{F7663E68-9F22-43BB-96C5-4FCC85ADDA89}.Debug|Any CPU.ActiveCfg = Debug|Any CPU
		{F7663E68-9F22-43BB-96C5-4FCC85ADDA89}.Debug|Any CPU.Build.0 = Debug|Any CPU
		{F7663E68-9F22-43BB-96C5-4FCC85ADDA89}.Debug|x64.ActiveCfg = Debug|Any CPU
		{F7663E68-9F22-43BB-96C5-4FCC85ADDA89}.Debug|x64.Build.0 = Debug|Any CPU
		{F7663E68-9F22-43BB-96C5-4FCC85ADDA89}.Debug|x86.ActiveCfg = Debug|Any CPU
		{F7663E68-9F22-43BB-96C5-4FCC85ADDA89}.Debug|x86.Build.0 = Debug|Any CPU
		{F7663E68-9F22-43BB-96C5-4FCC85ADDA89}.Release|Any CPU.ActiveCfg = Release|Any CPU
		{F7663E68-9F22-43BB-96C5-4FCC85ADDA89}.Release|Any CPU.Build.0 = Release|Any CPU
		{F7663E68-9F22-43BB-96C5-4FCC85ADDA89}.Release|x64.ActiveCfg = Release|Any CPU
		{F7663E68-9F22-43BB-96C5-4FCC85ADDA89}.Release|x64.Build.0 = Release|Any CPU
		{F7663E68-9F22-43BB-96C5-4FCC85ADDA89}.Release|x86.ActiveCfg = Release|Any CPU
		{F7663E68-9F22-43BB-96C5-4FCC85ADDA89}.Release|x86.Build.0 = Release|Any CPU
		{0DAE05C0-D7CA-456A-9D53-666F2636AE26}.Debug|Any CPU.ActiveCfg = Debug|Any CPU
		{0DAE05C0-D7CA-456A-9D53-666F2636AE26}.Debug|Any CPU.Build.0 = Debug|Any CPU
		{0DAE05C0-D7CA-456A-9D53-666F2636AE26}.Debug|x64.ActiveCfg = Debug|Any CPU
		{0DAE05C0-D7CA-456A-9D53-666F2636AE26}.Debug|x64.Build.0 = Debug|Any CPU
		{0DAE05C0-D7CA-456A-9D53-666F2636AE26}.Debug|x86.ActiveCfg = Debug|Any CPU
		{0DAE05C0-D7CA-456A-9D53-666F2636AE26}.Debug|x86.Build.0 = Debug|Any CPU
		{0DAE05C0-D7CA-456A-9D53-666F2636AE26}.Release|Any CPU.ActiveCfg = Release|Any CPU
		{0DAE05C0-D7CA-456A-9D53-666F2636AE26}.Release|Any CPU.Build.0 = Release|Any CPU
		{0DAE05C0-D7CA-456A-9D53-666F2636AE26}.Release|x64.ActiveCfg = Release|Any CPU
		{0DAE05C0-D7CA-456A-9D53-666F2636AE26}.Release|x64.Build.0 = Release|Any CPU
		{0DAE05C0-D7CA-456A-9D53-666F2636AE26}.Release|x86.ActiveCfg = Release|Any CPU
		{0DAE05C0-D7CA-456A-9D53-666F2636AE26}.Release|x86.Build.0 = Release|Any CPU
		{10850B34-7171-471C-BF72-8653D1820F5E}.Debug|Any CPU.ActiveCfg = Debug|Any CPU
		{10850B34-7171-471C-BF72-8653D1820F5E}.Debug|Any CPU.Build.0 = Debug|Any CPU
		{10850B34-7171-471C-BF72-8653D1820F5E}.Debug|x64.ActiveCfg = Debug|Any CPU
		{10850B34-7171-471C-BF72-8653D1820F5E}.Debug|x64.Build.0 = Debug|Any CPU
		{10850B34-7171-471C-BF72-8653D1820F5E}.Debug|x86.ActiveCfg = Debug|Any CPU
		{10850B34-7171-471C-BF72-8653D1820F5E}.Debug|x86.Build.0 = Debug|Any CPU
		{10850B34-7171-471C-BF72-8653D1820F5E}.Release|Any CPU.ActiveCfg = Release|Any CPU
		{10850B34-7171-471C-BF72-8653D1820F5E}.Release|Any CPU.Build.0 = Release|Any CPU
		{10850B34-7171-471C-BF72-8653D1820F5E}.Release|x64.ActiveCfg = Release|Any CPU
		{10850B34-7171-471C-BF72-8653D1820F5E}.Release|x64.Build.0 = Release|Any CPU
		{10850B34-7171-471C-BF72-8653D1820F5E}.Release|x86.ActiveCfg = Release|Any CPU
		{10850B34-7171-471C-BF72-8653D1820F5E}.Release|x86.Build.0 = Release|Any CPU
	EndGlobalSection
	GlobalSection(SolutionProperties) = preSolution
		HideSolutionNode = FALSE
	EndGlobalSection
	GlobalSection(NestedProjects) = preSolution
		{B1975F04-984A-4D17-96D5-6C10CD64085B} = {827E0CD3-B72D-47B6-A68D-7590B98EB39B}
		{B334DBC0-69DF-463C-AA0D-8549DA8F01F4} = {0AB3BF05-4346-4AA6-1389-037BE0695223}
		{0102F3A4-D8C5-4BD8-8A7B-ADB9316F0BE5} = {827E0CD3-B72D-47B6-A68D-7590B98EB39B}
		{68372F6E-0CE6-4018-B303-A38B6E05AC70} = {0AB3BF05-4346-4AA6-1389-037BE0695223}
		{405DA81B-BACF-47BF-A11F-6BDDB7669C3E} = {827E0CD3-B72D-47B6-A68D-7590B98EB39B}
		{8D41524D-B402-4F4D-8B1D-3E2F0DCC79A2} = {0AB3BF05-4346-4AA6-1389-037BE0695223}
		{60EF5135-9025-435B-8EF4-C1DFDD40A45C} = {827E0CD3-B72D-47B6-A68D-7590B98EB39B}
		{F7663E68-9F22-43BB-96C5-4FCC85ADDA89} = {0AB3BF05-4346-4AA6-1389-037BE0695223}
		{0DAE05C0-D7CA-456A-9D53-666F2636AE26} = {827E0CD3-B72D-47B6-A68D-7590B98EB39B}
		{10850B34-7171-471C-BF72-8653D1820F5E} = {0AB3BF05-4346-4AA6-1389-037BE0695223}
	EndGlobalSection
EndGlobal
